
Microsoft Visual Studio Solution File, Format Version 12.00
# Visual Studio Express 2012 for Windows Desktop
Project("{FAE04EC0-301F-11D3-BF4B-00C04F79EFBC}") = "TP3", "TP3\TP3.csproj", "{B5262A30-ACF1-41AC-9321-E3E1C0727567}"
	ProjectSection(ProjectDependencies) = postProject
		{C72F963A-499D-49BC-9E29-FDEE61F0FEDC} = {C72F963A-499D-49BC-9E29-FDEE61F0FEDC}
		{A2A2B4BF-4E88-4EE0-8B11-357E4FD6B35C} = {A2A2B4BF-4E88-4EE0-8B11-357E4FD6B35C}
		{BBC2EFDE-6B92-4790-81B5-E3A78D36A6B9} = {BBC2EFDE-6B92-4790-81B5-E3A78D36A6B9}
	EndProjectSection
EndProject
Project("{FAE04EC0-301F-11D3-BF4B-00C04F79EFBC}") = "Clases Instanciables", "EntidadesInstanciables\Clases Instanciables.csproj", "{95C9E2D1-4971-4EFF-8DC8-341B1259B9DE}"
EndProject
Project("{FAE04EC0-301F-11D3-BF4B-00C04F79EFBC}") = "Clases Abstractas", "EntidadesAbstractas\Clases Abstractas.csproj", "{A2A2B4BF-4E88-4EE0-8B11-357E4FD6B35C}"
	ProjectSection(ProjectDependencies) = postProject
		{BBC2EFDE-6B92-4790-81B5-E3A78D36A6B9} = {BBC2EFDE-6B92-4790-81B5-E3A78D36A6B9}
	EndProjectSection
EndProject
Project("{FAE04EC0-301F-11D3-BF4B-00C04F79EFBC}") = "Archivos", "Archivos\Archivos.csproj", "{C72F963A-499D-49BC-9E29-FDEE61F0FEDC}"
	ProjectSection(ProjectDependencies) = postProject
		{BBC2EFDE-6B92-4790-81B5-E3A78D36A6B9} = {BBC2EFDE-6B92-4790-81B5-E3A78D36A6B9}
	EndProjectSection
EndProject
Project("{FAE04EC0-301F-11D3-BF4B-00C04F79EFBC}") = "Excepciones", "Excepciones\Excepciones.csproj", "{BBC2EFDE-6B92-4790-81B5-E3A78D36A6B9}"
EndProject
Project("{FAE04EC0-301F-11D3-BF4B-00C04F79EFBC}") = "TestsUnitarios", "TestsUnitarios\TestsUnitarios.csproj", "{015EBE00-473C-49EF-831D-5C0469D2DA9F}"
EndProject
Global
	GlobalSection(SolutionConfigurationPlatforms) = preSolution
		Debug|Any CPU = Debug|Any CPU
		Release|Any CPU = Release|Any CPU
	EndGlobalSection
	GlobalSection(ProjectConfigurationPlatforms) = postSolution
		{B5262A30-ACF1-41AC-9321-E3E1C0727567}.Debug|Any CPU.ActiveCfg = Debug|Any CPU
		{B5262A30-ACF1-41AC-9321-E3E1C0727567}.Debug|Any CPU.Build.0 = Debug|Any CPU
		{B5262A30-ACF1-41AC-9321-E3E1C0727567}.Release|Any CPU.ActiveCfg = Release|Any CPU
		{B5262A30-ACF1-41AC-9321-E3E1C0727567}.Release|Any CPU.Build.0 = Release|Any CPU
		{95C9E2D1-4971-4EFF-8DC8-341B1259B9DE}.Debug|Any CPU.ActiveCfg = Debug|Any CPU
		{95C9E2D1-4971-4EFF-8DC8-341B1259B9DE}.Debug|Any CPU.Build.0 = Debug|Any CPU
		{95C9E2D1-4971-4EFF-8DC8-341B1259B9DE}.Release|Any CPU.ActiveCfg = Release|Any CPU
		{95C9E2D1-4971-4EFF-8DC8-341B1259B9DE}.Release|Any CPU.Build.0 = Release|Any CPU
		{A2A2B4BF-4E88-4EE0-8B11-357E4FD6B35C}.Debug|Any CPU.ActiveCfg = Debug|Any CPU
		{A2A2B4BF-4E88-4EE0-8B11-357E4FD6B35C}.Debug|Any CPU.Build.0 = Debug|Any CPU
		{A2A2B4BF-4E88-4EE0-8B11-357E4FD6B35C}.Release|Any CPU.ActiveCfg = Release|Any CPU
		{A2A2B4BF-4E88-4EE0-8B11-357E4FD6B35C}.Release|Any CPU.Build.0 = Release|Any CPU
		{C72F963A-499D-49BC-9E29-FDEE61F0FEDC}.Debug|Any CPU.ActiveCfg = Debug|Any CPU
		{C72F963A-499D-49BC-9E29-FDEE61F0FEDC}.Debug|Any CPU.Build.0 = Debug|Any CPU
		{C72F963A-499D-49BC-9E29-FDEE61F0FEDC}.Release|Any CPU.ActiveCfg = Release|Any CPU
		{C72F963A-499D-49BC-9E29-FDEE61F0FEDC}.Release|Any CPU.Build.0 = Release|Any CPU
		{BBC2EFDE-6B92-4790-81B5-E3A78D36A6B9}.Debug|Any CPU.ActiveCfg = Debug|Any CPU
		{BBC2EFDE-6B92-4790-81B5-E3A78D36A6B9}.Debug|Any CPU.Build.0 = Debug|Any CPU
		{BBC2EFDE-6B92-4790-81B5-E3A78D36A6B9}.Release|Any CPU.ActiveCfg = Release|Any CPU
		{BBC2EFDE-6B92-4790-81B5-E3A78D36A6B9}.Release|Any CPU.Build.0 = Release|Any CPU
		{015EBE00-473C-49EF-831D-5C0469D2DA9F}.Debug|Any CPU.ActiveCfg = Debug|Any CPU
		{015EBE00-473C-49EF-831D-5C0469D2DA9F}.Debug|Any CPU.Build.0 = Debug|Any CPU
		{015EBE00-473C-49EF-831D-5C0469D2DA9F}.Release|Any CPU.ActiveCfg = Release|Any CPU
		{015EBE00-473C-49EF-831D-5C0469D2DA9F}.Release|Any CPU.Build.0 = Release|Any CPU
	EndGlobalSection
	GlobalSection(SolutionProperties) = preSolution
		HideSolutionNode = FALSE
	EndGlobalSection
EndGlobal
